
Microsoft Visual Studio Solution File, Format Version 12.00
# Visual Studio Version 16
VisualStudioVersion = 16.0.31402.337
MinimumVisualStudioVersion = 10.0.40219.1
Project("{FAE04EC0-301F-11D3-BF4B-00C04F79EFBC}") = "PotatoService", "PotatoService.csproj", "{D740901B-A560-4B77-8E64-8AF3D2487F09}"
EndProject
Global
	GlobalSection(SolutionConfigurationPlatforms) = preSolution
		Debug|Any CPU = Debug|Any CPU
		Release|Any CPU = Release|Any CPU
	EndGlobalSection
	GlobalSection(ProjectConfigurationPlatforms) = postSolution
		{D740901B-A560-4B77-8E64-8AF3D2487F09}.Debug|Any CPU.ActiveCfg = Debug|Any CPU
		{D740901B-A560-4B77-8E64-8AF3D2487F09}.Debug|Any CPU.Build.0 = Debug|Any CPU
		{D740901B-A560-4B77-8E64-8AF3D2487F09}.Release|Any CPU.ActiveCfg = Release|Any CPU
		{D740901B-A560-4B77-8E64-8AF3D2487F09}.Release|Any CPU.Build.0 = Release|Any CPU
	EndGlobalSection
	GlobalSection(SolutionProperties) = preSolution
		HideSolutionNode = FALSE
	EndGlobalSection
	GlobalSection(ExtensibilityGlobals) = postSolution
		SolutionGuid = {32FD6238-E4BF-41A8-AD72-EEE0F984A361}
	EndGlobalSection
EndGlobal
